# THIS IS AN AUTOGENERATED FILE. DO NOT EDIT THIS FILE DIRECTLY.
# yarn lockfile v1


abbrev@1:
  version "1.1.1"
  resolved "https://registry.yarnpkg.com/abbrev/-/abbrev-1.1.1.tgz#f8f2c887ad10bf67f634f005b6987fed3179aac8"
  integrity sha512-nne9/IiQ/hzIhY6pdDnbBtz7DjPTKrY00P/zvPSm5pOFkl6xuGrGnXn/VtTNNfNtAfZ9/1RtehkszU9qcTii0Q==

"argparse@~ 0.1.11":
  version "0.1.16"
  resolved "https://registry.yarnpkg.com/argparse/-/argparse-0.1.16.tgz#cfd01e0fbba3d6caed049fbd758d40f65196f57c"
  integrity sha1-z9AeD7uj1srtBJ+9dY1A9lGW9Xw=
  dependencies:
    underscore "~1.7.0"
    underscore.string "~2.4.0"

async@0.2.x, async@~0.2.9:
  version "0.2.10"
  resolved "https://registry.yarnpkg.com/async/-/async-0.2.10.tgz#b6bbe0b0674b9d719708ca38de8c237cb526c3d1"
  integrity sha1-trvgsGdLnXGXCMo43owjfLUmw9E=

async@^0.9.0:
  version "0.9.2"
  resolved "https://registry.yarnpkg.com/async/-/async-0.9.2.tgz#aea74d5e61c1f899613bf64bda66d4c78f2fd17d"
  integrity sha1-rqdNXmHB+JlhO/ZL2mbUx48v0X0=

async@~0.1.22:
  version "0.1.22"
  resolved "https://registry.yarnpkg.com/async/-/async-0.1.22.tgz#0fc1aaa088a0e3ef0ebe2d8831bab0dcf8845061"
  integrity sha1-D8GqoIig4+8Ovi2IMbqw3PiEUGE=

available-typed-arrays@^1.0.5:
  version "1.0.5"
  resolved "https://registry.yarnpkg.com/available-typed-arrays/-/available-typed-arrays-1.0.5.tgz#92f95616501069d07d10edb2fc37d3e1c65123b7"
  integrity sha512-DMD0KiN46eipeziST1LPP/STfDU0sufISXmjSgvVsoU2tqxctQeASejWcfNtxYKqETM1UxQ8sp2OrSBWpHY6sw==

balanced-match@^1.0.0:
  version "1.0.2"
  resolved "https://registry.yarnpkg.com/balanced-match/-/balanced-match-1.0.2.tgz#e83e3a7e3f300b34cb9d87f615fa0cbf357690ee"
  integrity sha512-3oSeUO0TMV67hN1AmbXsK4yaqU7tjiHlbxRDZOpH0KW9+CeX4bRAaX0Anxt0tx2MrpRpWwQaPwIlISEJhYU5Pw==

brace-expansion@^1.1.7:
  version "1.1.11"
  resolved "https://registry.yarnpkg.com/brace-expansion/-/brace-expansion-1.1.11.tgz#3c7fcbf529d87226f3d2f52b966ff5271eb441dd"
  integrity sha512-iCuPHDFgrHX7H2vEI/5xpz07zSHB00TpugqhmYtVmMO6518mCuRMoOYFldEBl0g187ufozdaHgWKcYFb61qGiA==
  dependencies:
    balanced-match "^1.0.0"
    concat-map "0.0.1"

call-bind@^1.0.0, call-bind@^1.0.2:
  version "1.0.2"
  resolved "https://registry.yarnpkg.com/call-bind/-/call-bind-1.0.2.tgz#b1d4e89e688119c3c9a903ad30abb2f6a919be3c"
  integrity sha512-7O+FbCihrB5WGbFYesctwmTKae6rOiIzmz1icreWJ+0aA7LJfuqhEso2T9ncpcFtzMQtzXf2QGGueWJGTYsqrA==
  dependencies:
    function-bind "^1.1.1"
    get-intrinsic "^1.0.2"

coffee-script@~1.3.3:
  version "1.3.3"
  resolved "https://registry.yarnpkg.com/coffee-script/-/coffee-script-1.3.3.tgz#150d6b4cb522894369efed6a2101c20bc7f4a4f4"
  integrity sha1-FQ1rTLUiiUNp7+1qIQHCC8f0pPQ=

colors@0.6.x, colors@~0.6.2:
  version "0.6.2"
  resolved "https://registry.yarnpkg.com/colors/-/colors-0.6.2.tgz#2423fe6678ac0c5dae8852e5d0e5be08c997abcc"
  integrity sha1-JCP+ZnisDF2uiFLl0OW+CMmXq8w=

concat-map@0.0.1:
  version "0.0.1"
  resolved "https://registry.yarnpkg.com/concat-map/-/concat-map-0.0.1.tgz#d8a96bd77fd68df7793a73036a3ba0d5405d477b"
  integrity sha1-2Klr13/Wjfd5OnMDajug1UBdR3s=

core-util-is@~1.0.0:
  version "1.0.3"
  resolved "https://registry.yarnpkg.com/core-util-is/-/core-util-is-1.0.3.tgz#a6042d3634c2b27e9328f837b965fac83808db85"
  integrity sha512-ZQBvi1DcpJ4GDqanjucZ2Hj3wEO5pZDS89BWbkcrvdxksJorwUDDZamX9ldFkp9aw2lmBDLgkObEA4DWNJ9FYQ==

cycle@1.0.x:
  version "1.0.3"
  resolved "https://registry.yarnpkg.com/cycle/-/cycle-1.0.3.tgz#21e80b2be8580f98b468f379430662b046c34ad2"
  integrity sha1-IegLK+hYD5i0aPN5QwZisEbDStI=

dateformat@1.0.2-1.2.3:
  version "1.0.2-1.2.3"
  resolved "https://registry.yarnpkg.com/dateformat/-/dateformat-1.0.2-1.2.3.tgz#b0220c02de98617433b72851cf47de3df2cdbee9"
  integrity sha1-sCIMAt6YYXQztyhRz0fePfLNvuk=

debug@^2.2.0:
  version "2.6.9"
  resolved "https://registry.yarnpkg.com/debug/-/debug-2.6.9.tgz#5d128515df134ff327e90a4c93f4e077a536341f"
  integrity sha512-bC7ElrdJaJnPbAP+1EotYvqZsb3ecl5wi6Bfi6BJTUcNowp6cvspg0jXznRTKDjm/E7AdgFBVeAPVMNcKGsHMA==
  dependencies:
    ms "2.0.0"

deep-equal@*:
  version "2.0.5"
  resolved "https://registry.yarnpkg.com/deep-equal/-/deep-equal-2.0.5.tgz#55cd2fe326d83f9cbf7261ef0e060b3f724c5cb9"
  integrity sha512-nPiRgmbAtm1a3JsnLCf6/SLfXcjyN5v8L1TXzdCmHrXJ4hx+gW/w1YCcn7z8gJtSiDArZCgYtbao3QqLm/N1Sw==
  dependencies:
    call-bind "^1.0.0"
    es-get-iterator "^1.1.1"
    get-intrinsic "^1.0.1"
    is-arguments "^1.0.4"
    is-date-object "^1.0.2"
    is-regex "^1.1.1"
    isarray "^2.0.5"
    object-is "^1.1.4"
    object-keys "^1.1.1"
    object.assign "^4.1.2"
    regexp.prototype.flags "^1.3.0"
    side-channel "^1.0.3"
    which-boxed-primitive "^1.0.1"
    which-collection "^1.0.1"
    which-typed-array "^1.1.2"

define-properties@^1.1.3:
  version "1.1.3"
  resolved "https://registry.yarnpkg.com/define-properties/-/define-properties-1.1.3.tgz#cf88da6cbee26fe6db7094f61d870cbd84cee9f1"
  integrity sha512-3MqfYKj2lLzdMSf8ZIZE/V+Zuy+BgD6f164e8K2w7dgnpKArBDerGYpM46IYYcjnkdPNMjPk9A6VFB8+3SKlXQ==
  dependencies:
    object-keys "^1.0.12"

duplexer@~0.1.1:
  version "0.1.2"
  resolved "https://registry.yarnpkg.com/duplexer/-/duplexer-0.1.2.tgz#3abe43aef3835f8ae077d136ddce0f276b0400e6"
  integrity sha512-jtD6YG370ZCIi/9GTaJKQxWTZD045+4R4hTk/x1UyoqadyJ9x9CgSi1RlVDQF8U2sxLLSnFkCaMihqljHIWgMg==

es-abstract@^1.18.5:
  version "1.19.1"
  resolved "https://registry.yarnpkg.com/es-abstract/-/es-abstract-1.19.1.tgz#d4885796876916959de78edaa0df456627115ec3"
  integrity sha512-2vJ6tjA/UfqLm2MPs7jxVybLoB8i1t1Jd9R3kISld20sIxPcTbLuggQOUxeWeAvIUkduv/CfMjuh4WmiXr2v9w==
  dependencies:
    call-bind "^1.0.2"
    es-to-primitive "^1.2.1"
    function-bind "^1.1.1"
    get-intrinsic "^1.1.1"
    get-symbol-description "^1.0.0"
    has "^1.0.3"
    has-symbols "^1.0.2"
    internal-slot "^1.0.3"
    is-callable "^1.2.4"
    is-negative-zero "^2.0.1"
    is-regex "^1.1.4"
    is-shared-array-buffer "^1.0.1"
    is-string "^1.0.7"
    is-weakref "^1.0.1"
    object-inspect "^1.11.0"
    object-keys "^1.1.1"
    object.assign "^4.1.2"
    string.prototype.trimend "^1.0.4"
    string.prototype.trimstart "^1.0.4"
    unbox-primitive "^1.0.1"

es-get-iterator@^1.1.1:
  version "1.1.2"
  resolved "https://registry.yarnpkg.com/es-get-iterator/-/es-get-iterator-1.1.2.tgz#9234c54aba713486d7ebde0220864af5e2b283f7"
  integrity sha512-+DTO8GYwbMCwbywjimwZMHp8AuYXOS2JZFWoi2AlPOS3ebnII9w/NLpNZtA7A0YLaVDw+O7KFCeoIV7OPvM7hQ==
  dependencies:
    call-bind "^1.0.2"
    get-intrinsic "^1.1.0"
    has-symbols "^1.0.1"
    is-arguments "^1.1.0"
    is-map "^2.0.2"
    is-set "^2.0.2"
    is-string "^1.0.5"
    isarray "^2.0.5"

es-to-primitive@^1.2.1:
  version "1.2.1"
  resolved "https://registry.yarnpkg.com/es-to-primitive/-/es-to-primitive-1.2.1.tgz#e55cd4c9cdc188bcefb03b366c736323fc5c898a"
  integrity sha512-QCOllgZJtaUo9miYBcLChTUaHNjJF3PYs1VidD7AwiEj1kYxKeQTctLAezAOH5ZKRH0g2IgPn6KwB4IT8iRpvA==
  dependencies:
    is-callable "^1.1.4"
    is-date-object "^1.0.1"
    is-symbol "^1.0.2"

"esprima@~ 1.0.2":
  version "1.0.4"
  resolved "https://registry.yarnpkg.com/esprima/-/esprima-1.0.4.tgz#9f557e08fc3b4d26ece9dd34f8fbf476b62585ad"
  integrity sha1-n1V+CPw7TSbs6d00+Pv0drYlha0=

eventemitter2@~0.4.13:
  version "0.4.14"
  resolved "https://registry.yarnpkg.com/eventemitter2/-/eventemitter2-0.4.14.tgz#8f61b75cde012b2e9eb284d4545583b5643b61ab"
  integrity sha1-j2G3XN4BKy6esoTUVFWDtWQ7Yas=

exit@~0.1.1:
  version "0.1.2"
  resolved "https://registry.yarnpkg.com/exit/-/exit-0.1.2.tgz#0632638f8d877cc82107d30a0fff1a17cba1cd0c"
  integrity sha1-BjJjj42HfMghB9MKD/8aF8uhzQw=

eyes@0.1.x:
  version "0.1.8"
  resolved "https://registry.yarnpkg.com/eyes/-/eyes-0.1.8.tgz#62cf120234c683785d902348a800ef3e0cc20bc0"
  integrity sha1-Ys8SAjTGg3hdkCNIqADvPgzCC8A=

findup-sync@~0.1.2:
  version "0.1.3"
  resolved "https://registry.yarnpkg.com/findup-sync/-/findup-sync-0.1.3.tgz#7f3e7a97b82392c653bf06589bd85190e93c3683"
  integrity sha1-fz56l7gjksZTvwZYm9hRkOk8NoM=
  dependencies:
    glob "~3.2.9"
    lodash "~2.4.1"

foreach@^2.0.5:
  version "2.0.5"
  resolved "https://registry.yarnpkg.com/foreach/-/foreach-2.0.5.tgz#0bee005018aeb260d0a3af3ae658dd0136ec1b99"
  integrity sha1-C+4AUBiusmDQo6865ljdATbsG5k=

fs.realpath@^1.0.0:
  version "1.0.0"
  resolved "https://registry.yarnpkg.com/fs.realpath/-/fs.realpath-1.0.0.tgz#1504ad2523158caa40db4a2787cb01411994ea4f"
  integrity sha1-FQStJSMVjKpA20onh8sBQRmU6k8=

ftp-response-parser@^1.0.1:
  version "1.0.1"
  resolved "https://registry.yarnpkg.com/ftp-response-parser/-/ftp-response-parser-1.0.1.tgz#3b9d33f8edd5fb8e4700b8f778c462e5b1581f89"
  integrity sha1-O50z+O3V+45HALj3eMRi5bFYH4k=
  dependencies:
    readable-stream "^1.0.31"

function-bind@^1.1.1:
  version "1.1.1"
  resolved "https://registry.yarnpkg.com/function-bind/-/function-bind-1.1.1.tgz#a56899d3ea3c9bab874bb9773b7c5ede92f4895d"
  integrity sha512-yIovAzMX49sF8Yl58fSCWJ5svSLuaibPxXQJFLmBObTuCr0Mf1KiPopGM9NiFjiYBCbfaa2Fh6breQ6ANVTI0A==

get-intrinsic@^1.0.1, get-intrinsic@^1.0.2, get-intrinsic@^1.1.0, get-intrinsic@^1.1.1:
  version "1.1.1"
  resolved "https://registry.yarnpkg.com/get-intrinsic/-/get-intrinsic-1.1.1.tgz#15f59f376f855c446963948f0d24cd3637b4abc6"
  integrity sha512-kWZrnVM42QCiEA2Ig1bG8zjoIMOgxWwYCEeNdwY6Tv/cOSeGpcoX4pXHfKUxNKVoArnrEr2e9srnAxxGIraS9Q==
  dependencies:
    function-bind "^1.1.1"
    has "^1.0.3"
    has-symbols "^1.0.1"

get-symbol-description@^1.0.0:
  version "1.0.0"
  resolved "https://registry.yarnpkg.com/get-symbol-description/-/get-symbol-description-1.0.0.tgz#7fdb81c900101fbd564dd5f1a30af5aadc1e58d6"
  integrity sha512-2EmdH1YvIQiZpltCNgkuiUnyukzxM/R6NDJX31Ke3BG1Nq5b0S2PhX59UKi9vZpPDQVdqn+1IcaAwnzTT5vCjw==
  dependencies:
    call-bind "^1.0.2"
    get-intrinsic "^1.1.1"

getobject@~0.1.0:
  version "0.1.0"
  resolved "https://registry.yarnpkg.com/getobject/-/getobject-0.1.0.tgz#047a449789fa160d018f5486ed91320b6ec7885c"
  integrity sha1-BHpEl4n6Fg0Bj1SG7ZEyC27HiFw=

glob@^7.1.3:
  version "7.2.0"
  resolved "https://registry.yarnpkg.com/glob/-/glob-7.2.0.tgz#d15535af7732e02e948f4c41628bd910293f6023"
  integrity sha512-lmLf6gtyrPq8tTjSmrO94wBeQbFR3HbLHbuyD69wuyQkImp2hWqMGB47OX65FBkPffO641IP9jWa1z4ivqG26Q==
  dependencies:
    fs.realpath "^1.0.0"
    inflight "^1.0.4"
    inherits "2"
    minimatch "^3.0.4"
    once "^1.3.0"
    path-is-absolute "^1.0.0"

glob@~3.1.21:
  version "3.1.21"
  resolved "https://registry.yarnpkg.com/glob/-/glob-3.1.21.tgz#d29e0a055dea5138f4d07ed40e8982e83c2066cd"
  integrity sha1-0p4KBV3qUTj00H7UDomC6DwgZs0=
  dependencies:
    graceful-fs "~1.2.0"
    inherits "1"
    minimatch "~0.2.11"

glob@~3.2.9:
  version "3.2.11"
  resolved "https://registry.yarnpkg.com/glob/-/glob-3.2.11.tgz#4a973f635b9190f715d10987d5c00fd2815ebe3d"
  integrity sha1-Spc/Y1uRkPcV0QmH1cAP0oFevj0=
  dependencies:
    inherits "2"
    minimatch "0.3"

graceful-fs@~1.2.0:
  version "1.2.3"
  resolved "https://registry.yarnpkg.com/graceful-fs/-/graceful-fs-1.2.3.tgz#15a4806a57547cb2d2dbf27f42e89a8c3451b364"
  integrity sha1-FaSAaldUfLLS2/J/QuiajDRRs2Q=

grunt-ftp-deploy@^0.1.10:
  version "0.1.10"
  resolved "https://registry.yarnpkg.com/grunt-ftp-deploy/-/grunt-ftp-deploy-0.1.10.tgz#afaa29141de608c6a430eb8d6818776c717f9250"
  integrity sha1-r6opFB3mCMakMOuNaBh3bHF/klA=
  dependencies:
    async "^0.9.0"
    grunt "^0.4.2"
    jsftp "^1.3.1"
    lodash "^2.4.1"
    prompt "^0.2.13"

grunt-jekyll@~0.4.2:
  version "0.4.7"
  resolved "https://registry.yarnpkg.com/grunt-jekyll/-/grunt-jekyll-0.4.7.tgz#370534f97e7e7355f606b3c9308ef7d9b9218bdb"
  integrity sha512-sRZUN6Nu+enDzTGPSMuo7UmzsJ4Z7b3Fkt0UYEeDHKlyn6xMnBmHNggLdhTuqpCdt7tV6JFk0ISWj0iTeBFMLA==
  dependencies:
    tmp "^0.0.33"

grunt-legacy-log-utils@~0.1.1:
  version "0.1.1"
  resolved "https://registry.yarnpkg.com/grunt-legacy-log-utils/-/grunt-legacy-log-utils-0.1.1.tgz#c0706b9dd9064e116f36f23fe4e6b048672c0f7e"
  integrity sha1-wHBrndkGThFvNvI/5OawSGcsD34=
  dependencies:
    colors "~0.6.2"
    lodash "~2.4.1"
    underscore.string "~2.3.3"

grunt-legacy-log@~0.1.0:
  version "0.1.3"
  resolved "https://registry.yarnpkg.com/grunt-legacy-log/-/grunt-legacy-log-0.1.3.tgz#ec29426e803021af59029f87d2f9cd7335a05531"
  integrity sha1-7ClCboAwIa9ZAp+H0vnNczWgVTE=
  dependencies:
    colors "~0.6.2"
    grunt-legacy-log-utils "~0.1.1"
    hooker "~0.2.3"
    lodash "~2.4.1"
    underscore.string "~2.3.3"

grunt-legacy-util@~0.2.0:
  version "0.2.0"
  resolved "https://registry.yarnpkg.com/grunt-legacy-util/-/grunt-legacy-util-0.2.0.tgz#93324884dbf7e37a9ff7c026dff451d94a9e554b"
  integrity sha1-kzJIhNv343qf98Am3/RR2UqeVUs=
  dependencies:
    async "~0.1.22"
    exit "~0.1.1"
    getobject "~0.1.0"
    hooker "~0.2.3"
    lodash "~0.9.2"
    underscore.string "~2.2.1"
    which "~1.0.5"

grunt@^0.4.2, grunt@~0.4.2:
  version "0.4.5"
  resolved "https://registry.yarnpkg.com/grunt/-/grunt-0.4.5.tgz#56937cd5194324adff6d207631832a9d6ba4e7f0"
  integrity sha1-VpN81RlDJK3/bSB2MYMqnWuk5/A=
  dependencies:
    async "~0.1.22"
    coffee-script "~1.3.3"
    colors "~0.6.2"
    dateformat "1.0.2-1.2.3"
    eventemitter2 "~0.4.13"
    exit "~0.1.1"
    findup-sync "~0.1.2"
    getobject "~0.1.0"
    glob "~3.1.21"
    grunt-legacy-log "~0.1.0"
    grunt-legacy-util "~0.2.0"
    hooker "~0.2.3"
    iconv-lite "~0.2.11"
    js-yaml "~2.0.5"
    lodash "~0.9.2"
    minimatch "~0.2.12"
    nopt "~1.0.10"
    rimraf "~2.2.8"
    underscore.string "~2.2.1"
    which "~1.0.5"

has-bigints@^1.0.1:
  version "1.0.1"
  resolved "https://registry.yarnpkg.com/has-bigints/-/has-bigints-1.0.1.tgz#64fe6acb020673e3b78db035a5af69aa9d07b113"
  integrity sha512-LSBS2LjbNBTf6287JEbEzvJgftkF5qFkmCo9hDRpAzKhUOlJ+hx8dd4USs00SgsUNwc4617J9ki5YtEClM2ffA==

has-symbols@^1.0.1, has-symbols@^1.0.2:
  version "1.0.3"
  resolved "https://registry.yarnpkg.com/has-symbols/-/has-symbols-1.0.3.tgz#bb7b2c4349251dce87b125f7bdf874aa7c8b39f8"
  integrity sha512-l3LCuF6MgDNwTDKkdYGEihYjt5pRPbEg46rtlmnSPlUbgmB8LOIrKJbYYFBSbnPaJexMKtiPO8hmeRjRz2Td+A==

has-tostringtag@^1.0.0:
  version "1.0.0"
  resolved "https://registry.yarnpkg.com/has-tostringtag/-/has-tostringtag-1.0.0.tgz#7e133818a7d394734f941e73c3d3f9291e658b25"
  integrity sha512-kFjcSNhnlGV1kyoGk7OXKSawH5JOb/LzUc5w9B02hOTO0dfFRjbHQKvg1d6cf3HbeUmtU9VbbV3qzZ2Teh97WQ==
  dependencies:
    has-symbols "^1.0.2"

has@^1.0.3:
  version "1.0.3"
  resolved "https://registry.yarnpkg.com/has/-/has-1.0.3.tgz#722d7cbfc1f6aa8241f16dd814e011e1f41e8796"
  integrity sha512-f2dvO0VU6Oej7RkWJGrehjbzMAjFp5/VKPp5tTpWIV4JHHZK1/BxbFRtf/siA2SWTe09caDmVtYYzWEIbBS4zw==
  dependencies:
    function-bind "^1.1.1"

hooker@~0.2.3:
  version "0.2.3"
  resolved "https://registry.yarnpkg.com/hooker/-/hooker-0.2.3.tgz#b834f723cc4a242aa65963459df6d984c5d3d959"
  integrity sha1-uDT3I8xKJCqmWWNFnfbZhMXT2Vk=

i@0.3.x:
  version "0.3.7"
  resolved "https://registry.yarnpkg.com/i/-/i-0.3.7.tgz#2a7437a923d59c14b17243dc63a549af24d85799"
  integrity sha512-FYz4wlXgkQwIPqhzC5TdNMLSE5+GS1IIDJZY/1ZiEPCT2S3COUVZeT5OW4BmW4r5LHLQuOosSwsvnroG9GR59Q==

iconv-lite@~0.2.11:
  version "0.2.11"
  resolved "https://registry.yarnpkg.com/iconv-lite/-/iconv-lite-0.2.11.tgz#1ce60a3a57864a292d1321ff4609ca4bb965adc8"
  integrity sha1-HOYKOleGSiktEyH/RgnKS7llrcg=

inflight@^1.0.4:
  version "1.0.6"
  resolved "https://registry.yarnpkg.com/inflight/-/inflight-1.0.6.tgz#49bd6331d7d02d0c09bc910a1075ba8165b56df9"
  integrity sha1-Sb1jMdfQLQwJvJEKEHW6gWW1bfk=
  dependencies:
    once "^1.3.0"
    wrappy "1"

inherits@1:
  version "1.0.2"
  resolved "https://registry.yarnpkg.com/inherits/-/inherits-1.0.2.tgz#ca4309dadee6b54cc0b8d247e8d7c7a0975bdc9b"
  integrity sha1-ykMJ2t7mtUzAuNJH6NfHoJdb3Js=

inherits@2, inherits@~2.0.1:
  version "2.0.4"
  resolved "https://registry.yarnpkg.com/inherits/-/inherits-2.0.4.tgz#0fa2c64f932917c3433a0ded55363aae37416b7c"
  integrity sha512-k/vGaX4/Yla3WzyMCvTQOXYeIHvqOKtnqBduzTHpzpQZzAskKMhZ2K+EnBiSM9zGSoIFeMpXKxa4dYeZIQqewQ==

internal-slot@^1.0.3:
  version "1.0.3"
  resolved "https://registry.yarnpkg.com/internal-slot/-/internal-slot-1.0.3.tgz#7347e307deeea2faac2ac6205d4bc7d34967f59c"
  integrity sha512-O0DB1JC/sPyZl7cIo78n5dR7eUSwwpYPiXRhTzNxZVAMUuB8vlnRFyLxdrVToks6XPLVnFfbzaVd5WLjhgg+vA==
  dependencies:
    get-intrinsic "^1.1.0"
    has "^1.0.3"
    side-channel "^1.0.4"

is-arguments@^1.0.4, is-arguments@^1.1.0:
  version "1.1.1"
  resolved "https://registry.yarnpkg.com/is-arguments/-/is-arguments-1.1.1.tgz#15b3f88fda01f2a97fec84ca761a560f123efa9b"
  integrity sha512-8Q7EARjzEnKpt/PCD7e1cgUS0a6X8u5tdSiMqXhojOdoV9TsMsiO+9VLC5vAmO8N7/GmXn7yjR8qnA6bVAEzfA==
  dependencies:
    call-bind "^1.0.2"
    has-tostringtag "^1.0.0"

is-bigint@^1.0.1:
  version "1.0.4"
  resolved "https://registry.yarnpkg.com/is-bigint/-/is-bigint-1.0.4.tgz#08147a1875bc2b32005d41ccd8291dffc6691df3"
  integrity sha512-zB9CruMamjym81i2JZ3UMn54PKGsQzsJeo6xvN3HJJ4CAsQNB6iRutp2To77OfCNuoxspsIhzaPoO1zyCEhFOg==
  dependencies:
    has-bigints "^1.0.1"

is-boolean-object@^1.1.0:
  version "1.1.2"
  resolved "https://registry.yarnpkg.com/is-boolean-object/-/is-boolean-object-1.1.2.tgz#5c6dc200246dd9321ae4b885a114bb1f75f63719"
  integrity sha512-gDYaKHJmnj4aWxyj6YHyXVpdQawtVLHU5cb+eztPGczf6cjuTdwve5ZIEfgXqH4e57An1D1AKf8CZ3kYrQRqYA==
  dependencies:
    call-bind "^1.0.2"
    has-tostringtag "^1.0.0"

is-callable@^1.1.4, is-callable@^1.2.4:
  version "1.2.4"
  resolved "https://registry.yarnpkg.com/is-callable/-/is-callable-1.2.4.tgz#47301d58dd0259407865547853df6d61fe471945"
  integrity sha512-nsuwtxZfMX67Oryl9LCQ+upnC0Z0BgpwntpS89m1H/TLF0zNfzfLMV/9Wa/6MZsj0acpEjAO0KF1xT6ZdLl95w==

is-date-object@^1.0.1, is-date-object@^1.0.2:
  version "1.0.5"
  resolved "https://registry.yarnpkg.com/is-date-object/-/is-date-object-1.0.5.tgz#0841d5536e724c25597bf6ea62e1bd38298df31f"
  integrity sha512-9YQaSxsAiSwcvS33MBk3wTCVnWK+HhF8VZR2jRxehM16QcVOdHqPn4VPHmRK4lSr38n9JriurInLcP90xsYNfQ==
  dependencies:
    has-tostringtag "^1.0.0"

is-map@^2.0.1, is-map@^2.0.2:
  version "2.0.2"
  resolved "https://registry.yarnpkg.com/is-map/-/is-map-2.0.2.tgz#00922db8c9bf73e81b7a335827bc2a43f2b91127"
  integrity sha512-cOZFQQozTha1f4MxLFzlgKYPTyj26picdZTx82hbc/Xf4K/tZOOXSCkMvU4pKioRXGDLJRn0GM7Upe7kR721yg==

is-negative-zero@^2.0.1:
  version "2.0.2"
  resolved "https://registry.yarnpkg.com/is-negative-zero/-/is-negative-zero-2.0.2.tgz#7bf6f03a28003b8b3965de3ac26f664d765f3150"
  integrity sha512-dqJvarLawXsFbNDeJW7zAz8ItJ9cd28YufuuFzh0G8pNHjJMnY08Dv7sYX2uF5UpQOwieAeOExEYAWWfu7ZZUA==

is-number-object@^1.0.4:
  version "1.0.6"
  resolved "https://registry.yarnpkg.com/is-number-object/-/is-number-object-1.0.6.tgz#6a7aaf838c7f0686a50b4553f7e54a96494e89f0"
  integrity sha512-bEVOqiRcvo3zO1+G2lVMy+gkkEm9Yh7cDMRusKKu5ZJKPUYSJwICTKZrNKHA2EbSP0Tu0+6B/emsYNHZyn6K8g==
  dependencies:
    has-tostringtag "^1.0.0"

is-regex@^1.1.1, is-regex@^1.1.4:
  version "1.1.4"
  resolved "https://registry.yarnpkg.com/is-regex/-/is-regex-1.1.4.tgz#eef5663cd59fa4c0ae339505323df6854bb15958"
  integrity sha512-kvRdxDsxZjhzUX07ZnLydzS1TU/TJlTUHHY4YLL87e37oUA49DfkLqgy+VjFocowy29cKvcSiu+kIv728jTTVg==
  dependencies:
    call-bind "^1.0.2"
    has-tostringtag "^1.0.0"

is-set@^2.0.1, is-set@^2.0.2:
  version "2.0.2"
  resolved "https://registry.yarnpkg.com/is-set/-/is-set-2.0.2.tgz#90755fa4c2562dc1c5d4024760d6119b94ca18ec"
  integrity sha512-+2cnTEZeY5z/iXGbLhPrOAaK/Mau5k5eXq9j14CpRTftq0pAJu2MwVRSZhyZWBzx3o6X795Lz6Bpb6R0GKf37g==

is-shared-array-buffer@^1.0.1:
  version "1.0.1"
  resolved "https://registry.yarnpkg.com/is-shared-array-buffer/-/is-shared-array-buffer-1.0.1.tgz#97b0c85fbdacb59c9c446fe653b82cf2b5b7cfe6"
  integrity sha512-IU0NmyknYZN0rChcKhRO1X8LYz5Isj/Fsqh8NJOSf+N/hCOTwy29F32Ik7a+QszE63IdvmwdTPDd6cZ5pg4cwA==

is-string@^1.0.5, is-string@^1.0.7:
  version "1.0.7"
  resolved "https://registry.yarnpkg.com/is-string/-/is-string-1.0.7.tgz#0dd12bf2006f255bb58f695110eff7491eebc0fd"
  integrity sha512-tE2UXzivje6ofPW7l23cjDOMa09gb7xlAqG6jG5ej6uPV32TlWP3NKPigtaGeHNu9fohccRYvIiZMfOOnOYUtg==
  dependencies:
    has-tostringtag "^1.0.0"

is-symbol@^1.0.2, is-symbol@^1.0.3:
  version "1.0.4"
  resolved "https://registry.yarnpkg.com/is-symbol/-/is-symbol-1.0.4.tgz#a6dac93b635b063ca6872236de88910a57af139c"
  integrity sha512-C/CPBqKWnvdcxqIARxyOh4v1UUEOCHpgDa0WYgpKDFMszcrPcffg5uhwSgPCLD2WWxmq6isisz87tzT01tuGhg==
  dependencies:
    has-symbols "^1.0.2"

is-typed-array@^1.1.7:
  version "1.1.8"
  resolved "https://registry.yarnpkg.com/is-typed-array/-/is-typed-array-1.1.8.tgz#cbaa6585dc7db43318bc5b89523ea384a6f65e79"
  integrity sha512-HqH41TNZq2fgtGT8WHVFVJhBVGuY3AnP3Q36K8JKXUxSxRgk/d+7NjmwG2vo2mYmXK8UYZKu0qH8bVP5gEisjA==
  dependencies:
    available-typed-arrays "^1.0.5"
    call-bind "^1.0.2"
    es-abstract "^1.18.5"
    foreach "^2.0.5"
    has-tostringtag "^1.0.0"

is-weakmap@^2.0.1:
  version "2.0.1"
  resolved "https://registry.yarnpkg.com/is-weakmap/-/is-weakmap-2.0.1.tgz#5008b59bdc43b698201d18f62b37b2ca243e8cf2"
  integrity sha512-NSBR4kH5oVj1Uwvv970ruUkCV7O1mzgVFO4/rev2cLRda9Tm9HrL70ZPut4rOHgY0FNrUu9BCbXA2sdQ+x0chA==

is-weakref@^1.0.1:
  version "1.0.2"
  resolved "https://registry.yarnpkg.com/is-weakref/-/is-weakref-1.0.2.tgz#9529f383a9338205e89765e0392efc2f100f06f2"
  integrity sha512-qctsuLZmIQ0+vSSMfoVvyFe2+GSEvnmZ2ezTup1SBse9+twCCeial6EEi3Nc2KFcf6+qz2FBPnjXsk8xhKSaPQ==
  dependencies:
    call-bind "^1.0.2"

is-weakset@^2.0.1:
  version "2.0.2"
  resolved "https://registry.yarnpkg.com/is-weakset/-/is-weakset-2.0.2.tgz#4569d67a747a1ce5a994dfd4ef6dcea76e7c0a1d"
  integrity sha512-t2yVvttHkQktwnNNmBQ98AhENLdPUTDTE21uPqAQ0ARwQfGeQKRVS0NNurH7bTf7RrvcVn1OOge45CnBeHCSmg==
  dependencies:
    call-bind "^1.0.2"
    get-intrinsic "^1.1.1"

isarray@0.0.1:
  version "0.0.1"
  resolved "https://registry.yarnpkg.com/isarray/-/isarray-0.0.1.tgz#8a18acfca9a8f4177e09abfc6038939b05d1eedf"
  integrity sha1-ihis/Kmo9Bd+Cav8YDiTmwXR7t8=

isarray@^2.0.5:
  version "2.0.5"
  resolved "https://registry.yarnpkg.com/isarray/-/isarray-2.0.5.tgz#8af1e4c1221244cc62459faf38940d4e644a5723"
  integrity sha512-xHjhDr3cNBK0BzdUJSPXZntQUx/mwMS5Rw4A7lPJ90XGAO6ISP/ePDNuo0vhqOZU+UD5JoodwCAAoZQd3FeAKw==

isstream@0.1.x:
  version "0.1.2"
  resolved "https://registry.yarnpkg.com/isstream/-/isstream-0.1.2.tgz#47e63f7af55afa6f92e1500e690eb8b8529c099a"
  integrity sha1-R+Y/evVa+m+S4VAOaQ64uFKcCZo=

js-yaml@~2.0.5:
  version "2.0.5"
  resolved "https://registry.yarnpkg.com/js-yaml/-/js-yaml-2.0.5.tgz#a25ae6509999e97df278c6719da11bd0687743a8"
  integrity sha1-olrmUJmZ6X3yeMZxnaEb0Gh3Q6g=
  dependencies:
    argparse "~ 0.1.11"
    esprima "~ 1.0.2"

jsftp@^1.3.1:
  version "1.5.5"
  resolved "https://registry.yarnpkg.com/jsftp/-/jsftp-1.5.5.tgz#3d034569a58221c8ffc67d088688f59d2e995cee"
  integrity sha1-PQNFaaWCIcj/xn0Ihoj1nS6ZXO4=
  dependencies:
    debug "^2.2.0"
    ftp-response-parser "^1.0.1"
    once "^1.3.3"
    parse-listing "^1.1.3"
    stream-combiner "^0.2.2"
    unorm "^1.4.1"

lodash@^2.4.1, lodash@~2.4.1:
  version "2.4.2"
  resolved "https://registry.yarnpkg.com/lodash/-/lodash-2.4.2.tgz#fadd834b9683073da179b3eae6d9c0d15053f73e"
  integrity sha1-+t2DS5aDBz2hebPq5tnA0VBT9z4=

lodash@~0.9.2:
  version "0.9.2"
  resolved "https://registry.yarnpkg.com/lodash/-/lodash-0.9.2.tgz#8f3499c5245d346d682e5b0d3b40767e09f1a92c"
  integrity sha1-jzSZxSRdNG1oLlsNO0B2fgnxqSw=

lru-cache@2:
  version "2.7.3"
  resolved "https://registry.yarnpkg.com/lru-cache/-/lru-cache-2.7.3.tgz#6d4524e8b955f95d4f5b58851ce21dd72fb4e952"
  integrity sha1-bUUk6LlV+V1PW1iFHOId1y+06VI=

minimatch@0.3:
  version "0.3.0"
  resolved "https://registry.yarnpkg.com/minimatch/-/minimatch-0.3.0.tgz#275d8edaac4f1bb3326472089e7949c8394699dd"
  integrity sha1-J12O2qxPG7MyZHIInnlJyDlGmd0=
  dependencies:
    lru-cache "2"
    sigmund "~1.0.0"

minimatch@^3.0.4:
  version "3.1.2"
  resolved "https://registry.yarnpkg.com/minimatch/-/minimatch-3.1.2.tgz#19cd194bfd3e428f049a70817c038d89ab4be35b"
  integrity sha512-J7p63hRiAjw1NDEww1W7i37+ByIrOWO5XQQAzZ3VOcL0PNybwpfmV/N05zFAzwQ9USyEcX6t3UO+K5aqBQOIHw==
  dependencies:
    brace-expansion "^1.1.7"

minimatch@~0.2.11, minimatch@~0.2.12:
  version "0.2.14"
  resolved "https://registry.yarnpkg.com/minimatch/-/minimatch-0.2.14.tgz#c74e780574f63c6f9a090e90efbe6ef53a6a756a"
  integrity sha1-x054BXT2PG+aCQ6Q775u9TpqdWo=
  dependencies:
    lru-cache "2"
    sigmund "~1.0.0"

minimist@^1.2.5:
  version "1.2.5"
  resolved "https://registry.yarnpkg.com/minimist/-/minimist-1.2.5.tgz#67d66014b66a6a8aaa0c083c5fd58df4e4e97602"
  integrity sha512-FM9nNUYrRBAELZQT3xeZQ7fmMOBg6nWNmJKTcgsJeaLstP/UODVpGsr5OhXhhXg6f+qtJ8uiZ+PUxkDWcgIXLw==

mkdirp@0.x.x:
  version "0.5.5"
  resolved "https://registry.yarnpkg.com/mkdirp/-/mkdirp-0.5.5.tgz#d91cefd62d1436ca0f41620e251288d420099def"
  integrity sha512-NKmAlESf6jMGym1++R0Ra7wvhV+wFW63FaSOFPwRahvea0gMUcGUhVeAg/0BC0wiv9ih5NYPB1Wn1UEI1/L+xQ==
  dependencies:
    minimist "^1.2.5"

ms@2.0.0:
  version "2.0.0"
  resolved "https://registry.yarnpkg.com/ms/-/ms-2.0.0.tgz#5608aeadfc00be6c2901df5f9861788de0d597c8"
  integrity sha1-VgiurfwAvmwpAd9fmGF4jeDVl8g=

mute-stream@~0.0.4:
  version "0.0.8"
  resolved "https://registry.yarnpkg.com/mute-stream/-/mute-stream-0.0.8.tgz#1630c42b2251ff81e2a283de96a5497ea92e5e0d"
  integrity sha512-nnbWWOkoWyUsTjKrhgD0dcz22mdkSnpYqbEjIm2nhwhuxlSkpywJmBo8h0ZqJdkp73mb90SssHkN4rsRaBAfAA==

ncp@0.4.x:
  version "0.4.2"
  resolved "https://registry.yarnpkg.com/ncp/-/ncp-0.4.2.tgz#abcc6cbd3ec2ed2a729ff6e7c1fa8f01784a8574"
  integrity sha1-q8xsvT7C7Spyn/bnwfqPAXhKhXQ=

nopt@~1.0.10:
  version "1.0.10"
  resolved "https://registry.yarnpkg.com/nopt/-/nopt-1.0.10.tgz#6ddd21bd2a31417b92727dd585f8a6f37608ebee"
  integrity sha1-bd0hvSoxQXuScn3Vhfim83YI6+4=
  dependencies:
    abbrev "1"

object-inspect@^1.11.0, object-inspect@^1.9.0:
  version "1.12.0"
  resolved "https://registry.yarnpkg.com/object-inspect/-/object-inspect-1.12.0.tgz#6e2c120e868fd1fd18cb4f18c31741d0d6e776f0"
  integrity sha512-Ho2z80bVIvJloH+YzRmpZVQe87+qASmBUKZDWgx9cu+KDrX2ZDH/3tMy+gXbZETVGs2M8YdxObOh7XAtim9Y0g==

object-is@^1.1.4:
  version "1.1.5"
  resolved "https://registry.yarnpkg.com/object-is/-/object-is-1.1.5.tgz#b9deeaa5fc7f1846a0faecdceec138e5778f53ac"
  integrity sha512-3cyDsyHgtmi7I7DfSSI2LDp6SK2lwvtbg0p0R1e0RvTqF5ceGx+K2dfSjm1bKDMVCFEDAQvy+o8c6a7VujOddw==
  dependencies:
    call-bind "^1.0.2"
    define-properties "^1.1.3"

object-keys@^1.0.12, object-keys@^1.1.1:
  version "1.1.1"
  resolved "https://registry.yarnpkg.com/object-keys/-/object-keys-1.1.1.tgz#1c47f272df277f3b1daf061677d9c82e2322c60e"
  integrity sha512-NuAESUOUMrlIXOfHKzD6bpPu3tYt3xvjNdRIQ+FeT0lNb4K8WR70CaDxhuNguS2XG+GjkyMwOzsN5ZktImfhLA==

object.assign@^4.1.2:
  version "4.1.2"
  resolved "https://registry.yarnpkg.com/object.assign/-/object.assign-4.1.2.tgz#0ed54a342eceb37b38ff76eb831a0e788cb63940"
  integrity sha512-ixT2L5THXsApyiUPYKmW+2EHpXXe5Ii3M+f4e+aJFAHao5amFRW6J0OO6c/LU8Be47utCx2GL89hxGB6XSmKuQ==
  dependencies:
    call-bind "^1.0.0"
    define-properties "^1.1.3"
    has-symbols "^1.0.1"
    object-keys "^1.1.1"

once@^1.3.0, once@^1.3.3:
  version "1.4.0"
  resolved "https://registry.yarnpkg.com/once/-/once-1.4.0.tgz#583b1aa775961d4b113ac17d9c50baef9dd76bd1"
  integrity sha1-WDsap3WWHUsROsF9nFC6753Xa9E=
  dependencies:
    wrappy "1"

os-tmpdir@~1.0.2:
  version "1.0.2"
  resolved "https://registry.yarnpkg.com/os-tmpdir/-/os-tmpdir-1.0.2.tgz#bbe67406c79aa85c5cfec766fe5734555dfa1274"
  integrity sha1-u+Z0BseaqFxc/sdm/lc0VV36EnQ=

parse-listing@^1.1.3:
  version "1.1.3"
  resolved "https://registry.yarnpkg.com/parse-listing/-/parse-listing-1.1.3.tgz#aa546f57fdc129cfbf9945cd4b757b14b06182dd"
  integrity sha1-qlRvV/3BKc+/mUXNS3V7FLBhgt0=

path-is-absolute@^1.0.0:
  version "1.0.1"
  resolved "https://registry.yarnpkg.com/path-is-absolute/-/path-is-absolute-1.0.1.tgz#174b9268735534ffbc7ace6bf53a5a9e1b5c5f5f"
  integrity sha1-F0uSaHNVNP+8es5r9TpanhtcX18=

pkginfo@0.3.x:
  version "0.3.1"
  resolved "https://registry.yarnpkg.com/pkginfo/-/pkginfo-0.3.1.tgz#5b29f6a81f70717142e09e765bbeab97b4f81e21"
  integrity sha1-Wyn2qB9wcXFC4J52W76rl7T4HiE=

pkginfo@0.x.x:
  version "0.4.1"
  resolved "https://registry.yarnpkg.com/pkginfo/-/pkginfo-0.4.1.tgz#b5418ef0439de5425fc4995042dced14fb2a84ff"
  integrity sha1-tUGO8EOd5UJfxJlQQtztFPsqhP8=

prompt@^0.2.13:
  version "0.2.14"
  resolved "https://registry.yarnpkg.com/prompt/-/prompt-0.2.14.tgz#57754f64f543fd7b0845707c818ece618f05ffdc"
  integrity sha1-V3VPZPVD/XsIRXB8gY7OYY8F/9w=
  dependencies:
    pkginfo "0.x.x"
    read "1.0.x"
    revalidator "0.1.x"
    utile "0.2.x"
    winston "0.8.x"

read@1.0.x:
  version "1.0.7"
  resolved "https://registry.yarnpkg.com/read/-/read-1.0.7.tgz#b3da19bd052431a97671d44a42634adf710b40c4"
  integrity sha1-s9oZvQUkMal2cdRKQmNK33ELQMQ=
  dependencies:
    mute-stream "~0.0.4"

readable-stream@^1.0.31:
  version "1.1.14"
  resolved "https://registry.yarnpkg.com/readable-stream/-/readable-stream-1.1.14.tgz#7cf4c54ef648e3813084c636dd2079e166c081d9"
  integrity sha1-fPTFTvZI44EwhMY23SB54WbAgdk=
  dependencies:
    core-util-is "~1.0.0"
    inherits "~2.0.1"
    isarray "0.0.1"
    string_decoder "~0.10.x"

regexp.prototype.flags@^1.3.0:
  version "1.4.1"
  resolved "https://registry.yarnpkg.com/regexp.prototype.flags/-/regexp.prototype.flags-1.4.1.tgz#b3f4c0059af9e47eca9f3f660e51d81307e72307"
  integrity sha512-pMR7hBVUUGI7PMA37m2ofIdQCsomVnas+Jn5UPGAHQ+/LlwKm/aTLJHdasmHRzlfeZwHiAOaRSo2rbBDm3nNUQ==
  dependencies:
    call-bind "^1.0.2"
    define-properties "^1.1.3"

revalidator@0.1.x:
  version "0.1.8"
  resolved "https://registry.yarnpkg.com/revalidator/-/revalidator-0.1.8.tgz#fece61bfa0c1b52a206bd6b18198184bdd523a3b"
  integrity sha1-/s5hv6DBtSoga9axgZgYS91SOjs=

rimraf@2.x.x:
  version "2.7.1"
  resolved "https://registry.yarnpkg.com/rimraf/-/rimraf-2.7.1.tgz#35797f13a7fdadc566142c29d4f07ccad483e3ec"
  integrity sha512-uWjbaKIK3T1OSVptzX7Nl6PvQ3qAGtKEtVRjRuazjfL3Bx5eI409VZSqgND+4UNnmzLVdPj9FqFJNPqBZFve4w==
  dependencies:
    glob "^7.1.3"

rimraf@~2.2.8:
  version "2.2.8"
  resolved "https://registry.yarnpkg.com/rimraf/-/rimraf-2.2.8.tgz#e439be2aaee327321952730f99a8929e4fc50582"
  integrity sha1-5Dm+Kq7jJzIZUnMPmaiSnk/FBYI=

side-channel@^1.0.3, side-channel@^1.0.4:
  version "1.0.4"
  resolved "https://registry.yarnpkg.com/side-channel/-/side-channel-1.0.4.tgz#efce5c8fdc104ee751b25c58d4290011fa5ea2cf"
  integrity sha512-q5XPytqFEIKHkGdiMIrY10mvLRvnQh42/+GoBlFW3b2LXLE2xxJpZFdm94we0BaoV3RwJyGqg5wS7epxTv0Zvw==
  dependencies:
    call-bind "^1.0.0"
    get-intrinsic "^1.0.2"
    object-inspect "^1.9.0"

sigmund@~1.0.0:
  version "1.0.1"
  resolved "https://registry.yarnpkg.com/sigmund/-/sigmund-1.0.1.tgz#3ff21f198cad2175f9f3b781853fd94d0d19b590"
  integrity sha1-P/IfGYytIXX587eBhT/ZTQ0ZtZA=

stack-trace@0.0.x:
  version "0.0.10"
  resolved "https://registry.yarnpkg.com/stack-trace/-/stack-trace-0.0.10.tgz#547c70b347e8d32b4e108ea1a2a159e5fdde19c0"
  integrity sha1-VHxws0fo0ytOEI6hoqFZ5f3eGcA=

stream-combiner@^0.2.2:
  version "0.2.2"
  resolved "https://registry.yarnpkg.com/stream-combiner/-/stream-combiner-0.2.2.tgz#aec8cbac177b56b6f4fa479ced8c1912cee52858"
  integrity sha1-rsjLrBd7Vrb0+kec7YwZEs7lKFg=
  dependencies:
    duplexer "~0.1.1"
    through "~2.3.4"

string.prototype.trimend@^1.0.4:
  version "1.0.4"
  resolved "https://registry.yarnpkg.com/string.prototype.trimend/-/string.prototype.trimend-1.0.4.tgz#e75ae90c2942c63504686c18b287b4a0b1a45f80"
  integrity sha512-y9xCjw1P23Awk8EvTpcyL2NIr1j7wJ39f+k6lvRnSMz+mz9CGz9NYPelDk42kOz6+ql8xjfK8oYzy3jAP5QU5A==
  dependencies:
    call-bind "^1.0.2"
    define-properties "^1.1.3"

string.prototype.trimstart@^1.0.4:
  version "1.0.4"
  resolved "https://registry.yarnpkg.com/string.prototype.trimstart/-/string.prototype.trimstart-1.0.4.tgz#b36399af4ab2999b4c9c648bd7a3fb2bb26feeed"
  integrity sha512-jh6e984OBfvxS50tdY2nRZnoC5/mLFKOREQfw8t5yytkoUsJRNxvI/E39qu1sD0OtWI3OC0XgKSmcWwziwYuZw==
  dependencies:
    call-bind "^1.0.2"
    define-properties "^1.1.3"

string_decoder@~0.10.x:
  version "0.10.31"
  resolved "https://registry.yarnpkg.com/string_decoder/-/string_decoder-0.10.31.tgz#62e203bc41766c6c28c9fc84301dab1c5310fa94"
  integrity sha1-YuIDvEF2bGwoyfyEMB2rHFMQ+pQ=

through@~2.3.4:
  version "2.3.8"
  resolved "https://registry.yarnpkg.com/through/-/through-2.3.8.tgz#0dd4c9ffaabc357960b1b724115d7e0e86a2e1f5"
  integrity sha1-DdTJ/6q8NXlgsbckEV1+Doai4fU=

tmp@^0.0.33:
  version "0.0.33"
  resolved "https://registry.yarnpkg.com/tmp/-/tmp-0.0.33.tgz#6d34335889768d21b2bcda0aa277ced3b1bfadf9"
  integrity sha512-jRCJlojKnZ3addtTOjdIqoRuPEKBvNXcGYqzO6zWZX8KfKEpnGY5jfggJQ3EjKuu8D4bJRr0y+cYJFmYbImXGw==
  dependencies:
    os-tmpdir "~1.0.2"

unbox-primitive@^1.0.1:
  version "1.0.1"
  resolved "https://registry.yarnpkg.com/unbox-primitive/-/unbox-primitive-1.0.1.tgz#085e215625ec3162574dc8859abee78a59b14471"
  integrity sha512-tZU/3NqK3dA5gpE1KtyiJUrEB0lxnGkMFHptJ7q6ewdZ8s12QrODwNbhIJStmJkd1QDXa1NRA8aF2A1zk/Ypyw==
  dependencies:
    function-bind "^1.1.1"
    has-bigints "^1.0.1"
    has-symbols "^1.0.2"
    which-boxed-primitive "^1.0.2"

underscore.string@~2.2.1:
  version "2.2.1"
  resolved "https://registry.yarnpkg.com/underscore.string/-/underscore.string-2.2.1.tgz#d7c0fa2af5d5a1a67f4253daee98132e733f0f19"
  integrity sha1-18D6KvXVoaZ/QlPa7pgTLnM/Dxk=

underscore.string@~2.3.3:
  version "2.3.3"
  resolved "https://registry.yarnpkg.com/underscore.string/-/underscore.string-2.3.3.tgz#71c08bf6b428b1133f37e78fa3a21c82f7329b0d"
  integrity sha1-ccCL9rQosRM/N+ePo6Icgvcymw0=

underscore.string@~2.4.0:
  version "2.4.0"
  resolved "https://registry.yarnpkg.com/underscore.string/-/underscore.string-2.4.0.tgz#8cdd8fbac4e2d2ea1e7e2e8097c42f442280f85b"
  integrity sha1-jN2PusTi0uoefi6Al8QvRCKA+Fs=

underscore@~1.7.0:
  version "1.7.0"
  resolved "https://registry.yarnpkg.com/underscore/-/underscore-1.7.0.tgz#6bbaf0877500d36be34ecaa584e0db9fef035209"
  integrity sha1-a7rwh3UA02vjTsqlhODbn+8DUgk=

unorm@^1.4.1:
  version "1.6.0"
  resolved "https://registry.yarnpkg.com/unorm/-/unorm-1.6.0.tgz#029b289661fba714f1a9af439eb51d9b16c205af"
  integrity sha512-b2/KCUlYZUeA7JFUuRJZPUtr4gZvBh7tavtv4fvk4+KV9pfGiR6CQAQAWl49ZpR3ts2dk4FYkP7EIgDJoiOLDA==

utile@0.2.x:
  version "0.2.1"
  resolved "https://registry.yarnpkg.com/utile/-/utile-0.2.1.tgz#930c88e99098d6220834c356cbd9a770522d90d7"
  integrity sha1-kwyI6ZCY1iIINMNWy9mncFItkNc=
  dependencies:
    async "~0.2.9"
    deep-equal "*"
    i "0.3.x"
    mkdirp "0.x.x"
    ncp "0.4.x"
    rimraf "2.x.x"

which-boxed-primitive@^1.0.1, which-boxed-primitive@^1.0.2:
  version "1.0.2"
  resolved "https://registry.yarnpkg.com/which-boxed-primitive/-/which-boxed-primitive-1.0.2.tgz#13757bc89b209b049fe5d86430e21cf40a89a8e6"
  integrity sha512-bwZdv0AKLpplFY2KZRX6TvyuN7ojjr7lwkg6ml0roIy9YeuSr7JS372qlNW18UQYzgYK9ziGcerWqZOmEn9VNg==
  dependencies:
    is-bigint "^1.0.1"
    is-boolean-object "^1.1.0"
    is-number-object "^1.0.4"
    is-string "^1.0.5"
    is-symbol "^1.0.3"

which-collection@^1.0.1:
  version "1.0.1"
  resolved "https://registry.yarnpkg.com/which-collection/-/which-collection-1.0.1.tgz#70eab71ebbbd2aefaf32f917082fc62cdcb70906"
  integrity sha512-W8xeTUwaln8i3K/cY1nGXzdnVZlidBcagyNFtBdD5kxnb4TvGKR7FfSIS3mYpwWS1QUCutfKz8IY8RjftB0+1A==
  dependencies:
    is-map "^2.0.1"
    is-set "^2.0.1"
    is-weakmap "^2.0.1"
    is-weakset "^2.0.1"

which-typed-array@^1.1.2:
  version "1.1.7"
  resolved "https://registry.yarnpkg.com/which-typed-array/-/which-typed-array-1.1.7.tgz#2761799b9a22d4b8660b3c1b40abaa7739691793"
  integrity sha512-vjxaB4nfDqwKI0ws7wZpxIlde1XrLX5uB0ZjpfshgmapJMD7jJWhZI+yToJTqaFByF0eNBcYxbjmCzoRP7CfEw==
  dependencies:
    available-typed-arrays "^1.0.5"
    call-bind "^1.0.2"
    es-abstract "^1.18.5"
    foreach "^2.0.5"
    has-tostringtag "^1.0.0"
    is-typed-array "^1.1.7"

which@~1.0.5:
  version "1.0.9"
  resolved "https://registry.yarnpkg.com/which/-/which-1.0.9.tgz#460c1da0f810103d0321a9b633af9e575e64486f"
  integrity sha1-RgwdoPgQED0DIam2M6+eV15kSG8=

winston@0.8.x:
  version "0.8.3"
  resolved "https://registry.yarnpkg.com/winston/-/winston-0.8.3.tgz#64b6abf4cd01adcaefd5009393b1d8e8bec19db0"
  integrity sha1-ZLar9M0Brcrv1QCTk7HY6L7BnbA=
  dependencies:
    async "0.2.x"
    colors "0.6.x"
    cycle "1.0.x"
    eyes "0.1.x"
    isstream "0.1.x"
    pkginfo "0.3.x"
    stack-trace "0.0.x"

wrappy@1:
  version "1.0.2"
  resolved "https://registry.yarnpkg.com/wrappy/-/wrappy-1.0.2.tgz#b5243d8f3ec1aa35f1364605bc0d1036e30ab69f"
  integrity sha1-tSQ9jz7BqjXxNkYFvA0QNuMKtp8=
